Microsoft Visual Studio Solution File, Format Version 12.00
# Visual Studio 15
VisualStudioVersion = 15.0.27703.2042
MinimumVisualStudioVersion = 10.0.40219.1
Project("{2150E333-8FDC-42A3-9474-1A3956D46DE8}") = "Services", "Services", "{36D1A919-4C17-444F-9244-27162495ED19}"
EndProject
Project("{2150E333-8FDC-42A3-9474-1A3956D46DE8}") = "Identity", "Identity", "{17AB7C8B-BE05-41C1-9D18-217B40E26AD2}"
EndProject
Project("{9A19103F-16F7-4668-BE54-9A1E7A4F7556}") = "Identity.Api", "Identity.Api\Identity.Api.csproj", "{82334509-84B7-41BD-AE4F-5E48FA61E4E2}"
EndProject
Project("{9A19103F-16F7-4668-BE54-9A1E7A4F7556}") = "Identity.Model", "Identity.Model\Identity.Model.csproj", "{4B10ED74-7E2B-41F0-B8DB-3DB35A5A2B37}"
EndProject
Project("{9A19103F-16F7-4668-BE54-9A1E7A4F7556}") = "Identity.Core", "Identity.Core\Identity.Core.csproj", "{8063E5DC-4698-44AC-BFF4-EB08C6C525A1}"
EndProject
Project("{9A19103F-16F7-4668-BE54-9A1E7A4F7556}") = "ApiGateway", "ApiGateway\ApiGateway.csproj", "{53019594-2A4D-473E-AEE9-8F5134F8E5B8}"
EndProject
Project("{2150E333-8FDC-42A3-9474-1A3956D46DE8}") = "Analytics", "Analytics", "{690C7746-ABE6-4A34-8304-62405CA43EC3}"
EndProject
Project("{2150E333-8FDC-42A3-9474-1A3956D46DE8}") = "Vehicle", "Vehicle", "{8E5C2F38-157F-476C-A1CF-79AD170836D8}"
EndProject
Project("{2150E333-8FDC-42A3-9474-1A3956D46DE8}") = "RunningData", "RunningData", "{D7F485C9-2FA6-4939-B729-2EC0A48131CA}"
EndProject
Project("{9A19103F-16F7-4668-BE54-9A1E7A4F7556}") = "RunningData.Api", "RunningData.Api\RunningData.Api.csproj", "{AA4D1D93-32EC-4661-984C-229D8E8BD656}"
EndProject
Project("{9A19103F-16F7-4668-BE54-9A1E7A4F7556}") = "RunningData.Core", "RunningData.Core\RunningData.Core.csproj", "{7B7B582C-9BC0-463F-BFF2-0B713F537CD1}"
EndProject
Project("{9A19103F-16F7-4668-BE54-9A1E7A4F7556}") = "RunningData.Model", "RunningData.Model\RunningData.Model.csproj", "{A8D36033-6376-4DE6-B5E6-C45E402F9D5E}"
EndProject
Project("{2150E333-8FDC-42A3-9474-1A3956D46DE8}") = "IntegrationServices", "IntegrationServices", "{DED14981-FB32-4AC0-A483-2B1818F4D52A}"
EndProject
Project("{9A19103F-16F7-4668-BE54-9A1E7A4F7556}") = "CareMe.IntegrationService", "CareMe.IntegrationService\CareMe.IntegrationService.csproj", "{87311929-7675-4A08-9F8E-4CEA3D318151}"
EndProject
Project("{9A19103F-16F7-4668-BE54-9A1E7A4F7556}") = "CareMe.RabbitMQIntegrationService", "CareMe.RabbitMQIntegrationService\CareMe.RabbitMQIntegrationService.csproj", "{F1510B9C-E4CD-4547-8B43-8AE8B75B9D9D}"
EndProject
Project("{FAE04EC0-301F-11D3-BF4B-00C04F79EFBC}") = "Vehicle.API", "Vehicle.API\Vehicle.API.csproj", "{4104F63E-CF8D-4A73-8691-9CA0E2F3FF5F}"
EndProject
Global
	GlobalSection(SolutionConfigurationPlatforms) = preSolution
		Debug|Any CPU = Debug|Any CPU
		Release|Any CPU = Release|Any CPU
	EndGlobalSection
	GlobalSection(ProjectConfigurationPlatforms) = postSolution
		{82334509-84B7-41BD-AE4F-5E48FA61E4E2}.Debug|Any CPU.ActiveCfg = Debug|Any CPU
		{82334509-84B7-41BD-AE4F-5E48FA61E4E2}.Debug|Any CPU.Build.0 = Debug|Any CPU
		{82334509-84B7-41BD-AE4F-5E48FA61E4E2}.Release|Any CPU.ActiveCfg = Release|Any CPU
		{82334509-84B7-41BD-AE4F-5E48FA61E4E2}.Release|Any CPU.Build.0 = Release|Any CPU
		{4B10ED74-7E2B-41F0-B8DB-3DB35A5A2B37}.Debug|Any CPU.ActiveCfg = Debug|Any CPU
		{4B10ED74-7E2B-41F0-B8DB-3DB35A5A2B37}.Debug|Any CPU.Build.0 = Debug|Any CPU
		{4B10ED74-7E2B-41F0-B8DB-3DB35A5A2B37}.Release|Any CPU.ActiveCfg = Release|Any CPU
		{4B10ED74-7E2B-41F0-B8DB-3DB35A5A2B37}.Release|Any CPU.Build.0 = Release|Any CPU
		{8063E5DC-4698-44AC-BFF4-EB08C6C525A1}.Debug|Any CPU.ActiveCfg = Debug|Any CPU
		{8063E5DC-4698-44AC-BFF4-EB08C6C525A1}.Debug|Any CPU.Build.0 = Debug|Any CPU
		{8063E5DC-4698-44AC-BFF4-EB08C6C525A1}.Release|Any CPU.ActiveCfg = Release|Any CPU
		{8063E5DC-4698-44AC-BFF4-EB08C6C525A1}.Release|Any CPU.Build.0 = Release|Any CPU
		{53019594-2A4D-473E-AEE9-8F5134F8E5B8}.Debug|Any CPU.ActiveCfg = Debug|Any CPU
		{53019594-2A4D-473E-AEE9-8F5134F8E5B8}.Debug|Any CPU.Build.0 = Debug|Any CPU
		{53019594-2A4D-473E-AEE9-8F5134F8E5B8}.Release|Any CPU.ActiveCfg = Release|Any CPU
		{53019594-2A4D-473E-AEE9-8F5134F8E5B8}.Release|Any CPU.Build.0 = Release|Any CPU
		{AA4D1D93-32EC-4661-984C-229D8E8BD656}.Debug|Any CPU.ActiveCfg = Debug|Any CPU
		{AA4D1D93-32EC-4661-984C-229D8E8BD656}.Debug|Any CPU.Build.0 = Debug|Any CPU
		{AA4D1D93-32EC-4661-984C-229D8E8BD656}.Release|Any CPU.ActiveCfg = Release|Any CPU
		{AA4D1D93-32EC-4661-984C-229D8E8BD656}.Release|Any CPU.Build.0 = Release|Any CPU
		{7B7B582C-9BC0-463F-BFF2-0B713F537CD1}.Debug|Any CPU.ActiveCfg = Debug|Any CPU
		{7B7B582C-9BC0-463F-BFF2-0B713F537CD1}.Debug|Any CPU.Build.0 = Debug|Any CPU
		{7B7B582C-9BC0-463F-BFF2-0B713F537CD1}.Release|Any CPU.ActiveCfg = Release|Any CPU
		{7B7B582C-9BC0-463F-BFF2-0B713F537CD1}.Release|Any CPU.Build.0 = Release|Any CPU
		{A8D36033-6376-4DE6-B5E6-C45E402F9D5E}.Debug|Any CPU.ActiveCfg = Debug|Any CPU
		{A8D36033-6376-4DE6-B5E6-C45E402F9D5E}.Debug|Any CPU.Build.0 = Debug|Any CPU
		{A8D36033-6376-4DE6-B5E6-C45E402F9D5E}.Release|Any CPU.ActiveCfg = Release|Any CPU
		{A8D36033-6376-4DE6-B5E6-C45E402F9D5E}.Release|Any CPU.Build.0 = Release|Any CPU
		{87311929-7675-4A08-9F8E-4CEA3D318151}.Debug|Any CPU.ActiveCfg = Debug|Any CPU
		{87311929-7675-4A08-9F8E-4CEA3D318151}.Debug|Any CPU.Build.0 = Debug|Any CPU
		{87311929-7675-4A08-9F8E-4CEA3D318151}.Release|Any CPU.ActiveCfg = Release|Any CPU
		{87311929-7675-4A08-9F8E-4CEA3D318151}.Release|Any CPU.Build.0 = Release|Any CPU
		{F1510B9C-E4CD-4547-8B43-8AE8B75B9D9D}.Debug|Any CPU.ActiveCfg = Debug|Any CPU
		{F1510B9C-E4CD-4547-8B43-8AE8B75B9D9D}.Debug|Any CPU.Build.0 = Debug|Any CPU
		{F1510B9C-E4CD-4547-8B43-8AE8B75B9D9D}.Release|Any CPU.ActiveCfg = Release|Any CPU
		{F1510B9C-E4CD-4547-8B43-8AE8B75B9D9D}.Release|Any CPU.Build.0 = Release|Any CPU
		{4104F63E-CF8D-4A73-8691-9CA0E2F3FF5F}.Debug|Any CPU.ActiveCfg = Debug|Any CPU
		{4104F63E-CF8D-4A73-8691-9CA0E2F3FF5F}.Debug|Any CPU.Build.0 = Debug|Any CPU
		{4104F63E-CF8D-4A73-8691-9CA0E2F3FF5F}.Release|Any CPU.ActiveCfg = Release|Any CPU
		{4104F63E-CF8D-4A73-8691-9CA0E2F3FF5F}.Release|Any CPU.Build.0 = Release|Any CPU
	EndGlobalSection
	GlobalSection(SolutionProperties) = preSolution
		HideSolutionNode = FALSE
	EndGlobalSection
	GlobalSection(NestedProjects) = preSolution
		{17AB7C8B-BE05-41C1-9D18-217B40E26AD2} = {36D1A919-4C17-444F-9244-27162495ED19}
		{82334509-84B7-41BD-AE4F-5E48FA61E4E2} = {17AB7C8B-BE05-41C1-9D18-217B40E26AD2}
		{4B10ED74-7E2B-41F0-B8DB-3DB35A5A2B37} = {17AB7C8B-BE05-41C1-9D18-217B40E26AD2}
		{8063E5DC-4698-44AC-BFF4-EB08C6C525A1} = {17AB7C8B-BE05-41C1-9D18-217B40E26AD2}
		{53019594-2A4D-473E-AEE9-8F5134F8E5B8} = {36D1A919-4C17-444F-9244-27162495ED19}
		{690C7746-ABE6-4A34-8304-62405CA43EC3} = {36D1A919-4C17-444F-9244-27162495ED19}
		{8E5C2F38-157F-476C-A1CF-79AD170836D8} = {36D1A919-4C17-444F-9244-27162495ED19}
		{D7F485C9-2FA6-4939-B729-2EC0A48131CA} = {36D1A919-4C17-444F-9244-27162495ED19}
		{AA4D1D93-32EC-4661-984C-229D8E8BD656} = {D7F485C9-2FA6-4939-B729-2EC0A48131CA}
		{7B7B582C-9BC0-463F-BFF2-0B713F537CD1} = {D7F485C9-2FA6-4939-B729-2EC0A48131CA}
		{A8D36033-6376-4DE6-B5E6-C45E402F9D5E} = {D7F485C9-2FA6-4939-B729-2EC0A48131CA}
		{DED14981-FB32-4AC0-A483-2B1818F4D52A} = {36D1A919-4C17-444F-9244-27162495ED19}
		{87311929-7675-4A08-9F8E-4CEA3D318151} = {DED14981-FB32-4AC0-A483-2B1818F4D52A}
		{F1510B9C-E4CD-4547-8B43-8AE8B75B9D9D} = {DED14981-FB32-4AC0-A483-2B1818F4D52A}
		{4104F63E-CF8D-4A73-8691-9CA0E2F3FF5F} = {8E5C2F38-157F-476C-A1CF-79AD170836D8}
	EndGlobalSection
	GlobalSection(ExtensibilityGlobals) = postSolution
		SolutionGuid = {DB004AEA-07E7-4018-A0E6-FC6508E8581B}
	EndGlobalSection
EndGlobal
