Microsoft Visual Studio Solution File, Format Version 12.00
# Visual Studio Version 16
VisualStudioVersion = 16.0.28922.388
MinimumVisualStudioVersion = 10.0.40219.1
Project("{2150E333-8FDC-42A3-9474-1A3956D46DE8}") = "Services", "Services", "{36D1A919-4C17-444F-9244-27162495ED19}"
EndProject
Project("{2150E333-8FDC-42A3-9474-1A3956D46DE8}") = "Identity", "Identity", "{17AB7C8B-BE05-41C1-9D18-217B40E26AD2}"
EndProject
Project("{9A19103F-16F7-4668-BE54-9A1E7A4F7556}") = "Identity.Api", "Identity.Api\Identity.Api.csproj", "{82334509-84B7-41BD-AE4F-5E48FA61E4E2}"
EndProject
Project("{9A19103F-16F7-4668-BE54-9A1E7A4F7556}") = "Identity.Model", "Identity.Model\Identity.Model.csproj", "{4B10ED74-7E2B-41F0-B8DB-3DB35A5A2B37}"
EndProject
Project("{9A19103F-16F7-4668-BE54-9A1E7A4F7556}") = "Identity.Core", "Identity.Core\Identity.Core.csproj", "{8063E5DC-4698-44AC-BFF4-EB08C6C525A1}"
EndProject
Project("{9A19103F-16F7-4668-BE54-9A1E7A4F7556}") = "ApiGateway", "ApiGateway\ApiGateway.csproj", "{53019594-2A4D-473E-AEE9-8F5134F8E5B8}"
EndProject
Project("{2150E333-8FDC-42A3-9474-1A3956D46DE8}") = "Analytics", "Analytics", "{690C7746-ABE6-4A34-8304-62405CA43EC3}"
EndProject
Project("{2150E333-8FDC-42A3-9474-1A3956D46DE8}") = "Vehicle", "Vehicle", "{8E5C2F38-157F-476C-A1CF-79AD170836D8}"
EndProject
Project("{2150E333-8FDC-42A3-9474-1A3956D46DE8}") = "RunningData", "RunningData", "{D7F485C9-2FA6-4939-B729-2EC0A48131CA}"
EndProject
Project("{9A19103F-16F7-4668-BE54-9A1E7A4F7556}") = "RunningData.Api", "RunningData.Api\RunningData.Api.csproj", "{AA4D1D93-32EC-4661-984C-229D8E8BD656}"
EndProject
Project("{9A19103F-16F7-4668-BE54-9A1E7A4F7556}") = "RunningData.Core", "RunningData.Core\RunningData.Core.csproj", "{7B7B582C-9BC0-463F-BFF2-0B713F537CD1}"
EndProject
Project("{9A19103F-16F7-4668-BE54-9A1E7A4F7556}") = "RunningData.Model", "RunningData.Model\RunningData.Model.csproj", "{A8D36033-6376-4DE6-B5E6-C45E402F9D5E}"
EndProject
Project("{2150E333-8FDC-42A3-9474-1A3956D46DE8}") = "IntegrationServices", "IntegrationServices", "{DED14981-FB32-4AC0-A483-2B1818F4D52A}"
EndProject
Project("{9A19103F-16F7-4668-BE54-9A1E7A4F7556}") = "CareMe.IntegrationService", "CareMe.IntegrationService\CareMe.IntegrationService.csproj", "{87311929-7675-4A08-9F8E-4CEA3D318151}"
EndProject
Project("{9A19103F-16F7-4668-BE54-9A1E7A4F7556}") = "CareMe.RabbitMQIntegrationService", "CareMe.RabbitMQIntegrationService\CareMe.RabbitMQIntegrationService.csproj", "{F1510B9C-E4CD-4547-8B43-8AE8B75B9D9D}"
EndProject
Project("{9A19103F-16F7-4668-BE54-9A1E7A4F7556}") = "Vehicle.API", "Vehicle.API\Vehicle.API.csproj", "{4104F63E-CF8D-4A73-8691-9CA0E2F3FF5F}"
EndProject
Project("{9A19103F-16F7-4668-BE54-9A1E7A4F7556}") = "Vehicle.Core", "Vehicle.Core\Vehicle.Core.csproj", "{F2CDFC04-C469-4F46-A1C5-75E1B84BBFF4}"
EndProject
Project("{9A19103F-16F7-4668-BE54-9A1E7A4F7556}") = "Vehicle.Model", "Vehicle.Model\Vehicle.Model.csproj", "{315395A2-FD88-4561-83E6-1BB9AF3F105C}"
EndProject
Project("{9A19103F-16F7-4668-BE54-9A1E7A4F7556}") = "Analytics.Api", "Analytics.Api\Analytics.Api.csproj", "{6ECDC7F4-3DB7-47C9-A1A2-4B957A55805A}"
EndProject
Project("{9A19103F-16F7-4668-BE54-9A1E7A4F7556}") = "Analytics.Core", "Analytics.Core\Analytics.Core.csproj", "{624889DF-C6C3-44DD-ADB7-D772B0399396}"
EndProject
Project("{2150E333-8FDC-42A3-9474-1A3956D46DE8}") = "Database", "Database", "{22F9C66A-F919-4FD9-8970-023F634EE49C}"
EndProject
Project("{00D1A9C2-B5F0-4AF3-8072-F6C62B433612}") = "CareMe.VehicleData", "CareMe.VehicleData\CareMe.VehicleData.sqlproj", "{2EB82D7B-41E8-400B-A299-AFC821988BB2}"
EndProject
Project("{00D1A9C2-B5F0-4AF3-8072-F6C62B433612}") = "CareMe.RunningData", "CareMe.RunningData\CareMe.RunningData.sqlproj", "{04E382D6-A4D0-429C-8A73-17203B89A47A}"
EndProject
Project("{00D1A9C2-B5F0-4AF3-8072-F6C62B433612}") = "CareMe.Identity", "CareMe.Identity\CareMe.Identity.sqlproj", "{AE4ECD05-84CC-4E53-BBEC-ED9B518620A4}"
EndProject
Project("{00D1A9C2-B5F0-4AF3-8072-F6C62B433612}") = "CareMe.AnalyticsData", "CareMe.AnalyticsData\CareMe.AnalyticsData.sqlproj", "{90588353-2B12-4FC5-9F22-BCF06621AA05}"
EndProject
Global
	GlobalSection(SolutionConfigurationPlatforms) = preSolution
		Debug|Any CPU = Debug|Any CPU
		Release|Any CPU = Release|Any CPU
	EndGlobalSection
	GlobalSection(ProjectConfigurationPlatforms) = postSolution
		{82334509-84B7-41BD-AE4F-5E48FA61E4E2}.Debug|Any CPU.ActiveCfg = Debug|Any CPU
		{82334509-84B7-41BD-AE4F-5E48FA61E4E2}.Debug|Any CPU.Build.0 = Debug|Any CPU
		{82334509-84B7-41BD-AE4F-5E48FA61E4E2}.Release|Any CPU.ActiveCfg = Release|Any CPU
		{82334509-84B7-41BD-AE4F-5E48FA61E4E2}.Release|Any CPU.Build.0 = Release|Any CPU
		{4B10ED74-7E2B-41F0-B8DB-3DB35A5A2B37}.Debug|Any CPU.ActiveCfg = Debug|Any CPU
		{4B10ED74-7E2B-41F0-B8DB-3DB35A5A2B37}.Debug|Any CPU.Build.0 = Debug|Any CPU
		{4B10ED74-7E2B-41F0-B8DB-3DB35A5A2B37}.Release|Any CPU.ActiveCfg = Release|Any CPU
		{4B10ED74-7E2B-41F0-B8DB-3DB35A5A2B37}.Release|Any CPU.Build.0 = Release|Any CPU
		{8063E5DC-4698-44AC-BFF4-EB08C6C525A1}.Debug|Any CPU.ActiveCfg = Debug|Any CPU
		{8063E5DC-4698-44AC-BFF4-EB08C6C525A1}.Debug|Any CPU.Build.0 = Debug|Any CPU
		{8063E5DC-4698-44AC-BFF4-EB08C6C525A1}.Release|Any CPU.ActiveCfg = Release|Any CPU
		{8063E5DC-4698-44AC-BFF4-EB08C6C525A1}.Release|Any CPU.Build.0 = Release|Any CPU
		{53019594-2A4D-473E-AEE9-8F5134F8E5B8}.Debug|Any CPU.ActiveCfg = Debug|Any CPU
		{53019594-2A4D-473E-AEE9-8F5134F8E5B8}.Debug|Any CPU.Build.0 = Debug|Any CPU
		{53019594-2A4D-473E-AEE9-8F5134F8E5B8}.Release|Any CPU.ActiveCfg = Release|Any CPU
		{53019594-2A4D-473E-AEE9-8F5134F8E5B8}.Release|Any CPU.Build.0 = Release|Any CPU
		{AA4D1D93-32EC-4661-984C-229D8E8BD656}.Debug|Any CPU.ActiveCfg = Debug|Any CPU
		{AA4D1D93-32EC-4661-984C-229D8E8BD656}.Debug|Any CPU.Build.0 = Debug|Any CPU
		{AA4D1D93-32EC-4661-984C-229D8E8BD656}.Release|Any CPU.ActiveCfg = Release|Any CPU
		{AA4D1D93-32EC-4661-984C-229D8E8BD656}.Release|Any CPU.Build.0 = Release|Any CPU
		{7B7B582C-9BC0-463F-BFF2-0B713F537CD1}.Debug|Any CPU.ActiveCfg = Debug|Any CPU
		{7B7B582C-9BC0-463F-BFF2-0B713F537CD1}.Debug|Any CPU.Build.0 = Debug|Any CPU
		{7B7B582C-9BC0-463F-BFF2-0B713F537CD1}.Release|Any CPU.ActiveCfg = Release|Any CPU
		{7B7B582C-9BC0-463F-BFF2-0B713F537CD1}.Release|Any CPU.Build.0 = Release|Any CPU
		{A8D36033-6376-4DE6-B5E6-C45E402F9D5E}.Debug|Any CPU.ActiveCfg = Debug|Any CPU
		{A8D36033-6376-4DE6-B5E6-C45E402F9D5E}.Debug|Any CPU.Build.0 = Debug|Any CPU
		{A8D36033-6376-4DE6-B5E6-C45E402F9D5E}.Release|Any CPU.ActiveCfg = Release|Any CPU
		{A8D36033-6376-4DE6-B5E6-C45E402F9D5E}.Release|Any CPU.Build.0 = Release|Any CPU
		{87311929-7675-4A08-9F8E-4CEA3D318151}.Debug|Any CPU.ActiveCfg = Debug|Any CPU
		{87311929-7675-4A08-9F8E-4CEA3D318151}.Debug|Any CPU.Build.0 = Debug|Any CPU
		{87311929-7675-4A08-9F8E-4CEA3D318151}.Release|Any CPU.ActiveCfg = Release|Any CPU
		{87311929-7675-4A08-9F8E-4CEA3D318151}.Release|Any CPU.Build.0 = Release|Any CPU
		{F1510B9C-E4CD-4547-8B43-8AE8B75B9D9D}.Debug|Any CPU.ActiveCfg = Debug|Any CPU
		{F1510B9C-E4CD-4547-8B43-8AE8B75B9D9D}.Debug|Any CPU.Build.0 = Debug|Any CPU
		{F1510B9C-E4CD-4547-8B43-8AE8B75B9D9D}.Release|Any CPU.ActiveCfg = Release|Any CPU
		{F1510B9C-E4CD-4547-8B43-8AE8B75B9D9D}.Release|Any CPU.Build.0 = Release|Any CPU
		{4104F63E-CF8D-4A73-8691-9CA0E2F3FF5F}.Debug|Any CPU.ActiveCfg = Debug|Any CPU
		{4104F63E-CF8D-4A73-8691-9CA0E2F3FF5F}.Debug|Any CPU.Build.0 = Debug|Any CPU
		{4104F63E-CF8D-4A73-8691-9CA0E2F3FF5F}.Release|Any CPU.ActiveCfg = Release|Any CPU
		{4104F63E-CF8D-4A73-8691-9CA0E2F3FF5F}.Release|Any CPU.Build.0 = Release|Any CPU
		{F2CDFC04-C469-4F46-A1C5-75E1B84BBFF4}.Debug|Any CPU.ActiveCfg = Debug|Any CPU
		{F2CDFC04-C469-4F46-A1C5-75E1B84BBFF4}.Debug|Any CPU.Build.0 = Debug|Any CPU
		{F2CDFC04-C469-4F46-A1C5-75E1B84BBFF4}.Release|Any CPU.ActiveCfg = Release|Any CPU
		{F2CDFC04-C469-4F46-A1C5-75E1B84BBFF4}.Release|Any CPU.Build.0 = Release|Any CPU
		{315395A2-FD88-4561-83E6-1BB9AF3F105C}.Debug|Any CPU.ActiveCfg = Debug|Any CPU
		{315395A2-FD88-4561-83E6-1BB9AF3F105C}.Debug|Any CPU.Build.0 = Debug|Any CPU
		{315395A2-FD88-4561-83E6-1BB9AF3F105C}.Release|Any CPU.ActiveCfg = Release|Any CPU
		{315395A2-FD88-4561-83E6-1BB9AF3F105C}.Release|Any CPU.Build.0 = Release|Any CPU
		{6ECDC7F4-3DB7-47C9-A1A2-4B957A55805A}.Debug|Any CPU.ActiveCfg = Debug|Any CPU
		{6ECDC7F4-3DB7-47C9-A1A2-4B957A55805A}.Debug|Any CPU.Build.0 = Debug|Any CPU
		{6ECDC7F4-3DB7-47C9-A1A2-4B957A55805A}.Release|Any CPU.ActiveCfg = Release|Any CPU
		{6ECDC7F4-3DB7-47C9-A1A2-4B957A55805A}.Release|Any CPU.Build.0 = Release|Any CPU
		{624889DF-C6C3-44DD-ADB7-D772B0399396}.Debug|Any CPU.ActiveCfg = Debug|Any CPU
		{624889DF-C6C3-44DD-ADB7-D772B0399396}.Debug|Any CPU.Build.0 = Debug|Any CPU
		{624889DF-C6C3-44DD-ADB7-D772B0399396}.Release|Any CPU.ActiveCfg = Release|Any CPU
		{624889DF-C6C3-44DD-ADB7-D772B0399396}.Release|Any CPU.Build.0 = Release|Any CPU
		{2EB82D7B-41E8-400B-A299-AFC821988BB2}.Debug|Any CPU.ActiveCfg = Debug|Any CPU
		{2EB82D7B-41E8-400B-A299-AFC821988BB2}.Debug|Any CPU.Build.0 = Debug|Any CPU
		{2EB82D7B-41E8-400B-A299-AFC821988BB2}.Debug|Any CPU.Deploy.0 = Debug|Any CPU
		{2EB82D7B-41E8-400B-A299-AFC821988BB2}.Release|Any CPU.ActiveCfg = Release|Any CPU
		{2EB82D7B-41E8-400B-A299-AFC821988BB2}.Release|Any CPU.Build.0 = Release|Any CPU
		{2EB82D7B-41E8-400B-A299-AFC821988BB2}.Release|Any CPU.Deploy.0 = Release|Any CPU
		{04E382D6-A4D0-429C-8A73-17203B89A47A}.Debug|Any CPU.ActiveCfg = Debug|Any CPU
		{04E382D6-A4D0-429C-8A73-17203B89A47A}.Debug|Any CPU.Build.0 = Debug|Any CPU
		{04E382D6-A4D0-429C-8A73-17203B89A47A}.Debug|Any CPU.Deploy.0 = Debug|Any CPU
		{04E382D6-A4D0-429C-8A73-17203B89A47A}.Release|Any CPU.ActiveCfg = Release|Any CPU
		{04E382D6-A4D0-429C-8A73-17203B89A47A}.Release|Any CPU.Build.0 = Release|Any CPU
		{04E382D6-A4D0-429C-8A73-17203B89A47A}.Release|Any CPU.Deploy.0 = Release|Any CPU
		{AE4ECD05-84CC-4E53-BBEC-ED9B518620A4}.Debug|Any CPU.ActiveCfg = Debug|Any CPU
		{AE4ECD05-84CC-4E53-BBEC-ED9B518620A4}.Debug|Any CPU.Build.0 = Debug|Any CPU
		{AE4ECD05-84CC-4E53-BBEC-ED9B518620A4}.Debug|Any CPU.Deploy.0 = Debug|Any CPU
		{AE4ECD05-84CC-4E53-BBEC-ED9B518620A4}.Release|Any CPU.ActiveCfg = Release|Any CPU
		{AE4ECD05-84CC-4E53-BBEC-ED9B518620A4}.Release|Any CPU.Build.0 = Release|Any CPU
		{AE4ECD05-84CC-4E53-BBEC-ED9B518620A4}.Release|Any CPU.Deploy.0 = Release|Any CPU
		{90588353-2B12-4FC5-9F22-BCF06621AA05}.Debug|Any CPU.ActiveCfg = Debug|Any CPU
		{90588353-2B12-4FC5-9F22-BCF06621AA05}.Debug|Any CPU.Build.0 = Debug|Any CPU
		{90588353-2B12-4FC5-9F22-BCF06621AA05}.Debug|Any CPU.Deploy.0 = Debug|Any CPU
		{90588353-2B12-4FC5-9F22-BCF06621AA05}.Release|Any CPU.ActiveCfg = Release|Any CPU
		{90588353-2B12-4FC5-9F22-BCF06621AA05}.Release|Any CPU.Build.0 = Release|Any CPU
		{90588353-2B12-4FC5-9F22-BCF06621AA05}.Release|Any CPU.Deploy.0 = Release|Any CPU
	EndGlobalSection
	GlobalSection(SolutionProperties) = preSolution
		HideSolutionNode = FALSE
	EndGlobalSection
	GlobalSection(NestedProjects) = preSolution
		{17AB7C8B-BE05-41C1-9D18-217B40E26AD2} = {36D1A919-4C17-444F-9244-27162495ED19}
		{82334509-84B7-41BD-AE4F-5E48FA61E4E2} = {17AB7C8B-BE05-41C1-9D18-217B40E26AD2}
		{4B10ED74-7E2B-41F0-B8DB-3DB35A5A2B37} = {17AB7C8B-BE05-41C1-9D18-217B40E26AD2}
		{8063E5DC-4698-44AC-BFF4-EB08C6C525A1} = {17AB7C8B-BE05-41C1-9D18-217B40E26AD2}
		{53019594-2A4D-473E-AEE9-8F5134F8E5B8} = {36D1A919-4C17-444F-9244-27162495ED19}
		{690C7746-ABE6-4A34-8304-62405CA43EC3} = {36D1A919-4C17-444F-9244-27162495ED19}
		{8E5C2F38-157F-476C-A1CF-79AD170836D8} = {36D1A919-4C17-444F-9244-27162495ED19}
		{D7F485C9-2FA6-4939-B729-2EC0A48131CA} = {36D1A919-4C17-444F-9244-27162495ED19}
		{AA4D1D93-32EC-4661-984C-229D8E8BD656} = {D7F485C9-2FA6-4939-B729-2EC0A48131CA}
		{7B7B582C-9BC0-463F-BFF2-0B713F537CD1} = {D7F485C9-2FA6-4939-B729-2EC0A48131CA}
		{A8D36033-6376-4DE6-B5E6-C45E402F9D5E} = {D7F485C9-2FA6-4939-B729-2EC0A48131CA}
		{DED14981-FB32-4AC0-A483-2B1818F4D52A} = {36D1A919-4C17-444F-9244-27162495ED19}
		{87311929-7675-4A08-9F8E-4CEA3D318151} = {DED14981-FB32-4AC0-A483-2B1818F4D52A}
		{F1510B9C-E4CD-4547-8B43-8AE8B75B9D9D} = {DED14981-FB32-4AC0-A483-2B1818F4D52A}
		{4104F63E-CF8D-4A73-8691-9CA0E2F3FF5F} = {8E5C2F38-157F-476C-A1CF-79AD170836D8}
		{F2CDFC04-C469-4F46-A1C5-75E1B84BBFF4} = {8E5C2F38-157F-476C-A1CF-79AD170836D8}
		{315395A2-FD88-4561-83E6-1BB9AF3F105C} = {8E5C2F38-157F-476C-A1CF-79AD170836D8}
		{6ECDC7F4-3DB7-47C9-A1A2-4B957A55805A} = {690C7746-ABE6-4A34-8304-62405CA43EC3}
		{624889DF-C6C3-44DD-ADB7-D772B0399396} = {690C7746-ABE6-4A34-8304-62405CA43EC3}
		{2EB82D7B-41E8-400B-A299-AFC821988BB2} = {22F9C66A-F919-4FD9-8970-023F634EE49C}
		{04E382D6-A4D0-429C-8A73-17203B89A47A} = {22F9C66A-F919-4FD9-8970-023F634EE49C}
		{AE4ECD05-84CC-4E53-BBEC-ED9B518620A4} = {22F9C66A-F919-4FD9-8970-023F634EE49C}
		{90588353-2B12-4FC5-9F22-BCF06621AA05} = {22F9C66A-F919-4FD9-8970-023F634EE49C}
	EndGlobalSection
	GlobalSection(ExtensibilityGlobals) = postSolution
		SolutionGuid = {DB004AEA-07E7-4018-A0E6-FC6508E8581B}
	EndGlobalSection
EndGlobal
